
Microsoft Visual Studio Solution File, Format Version 12.00
# Visual Studio Version 17
VisualStudioVersion = 17.7.34031.279
MinimumVisualStudioVersion = 10.0.40219.1
Project("{9A19103F-16F7-4668-BE54-9A1E7A4F7556}") = "CommandsService", "CommandsService.csproj", "{5BDE4EBC-8FA2-4E82-84B3-9813CEDCA9A0}"
EndProject
Global
	GlobalSection(SolutionConfigurationPlatforms) = preSolution
		Debug|Any CPU = Debug|Any CPU
		Release|Any CPU = Release|Any CPU
	EndGlobalSection
	GlobalSection(ProjectConfigurationPlatforms) = postSolution
		{5BDE4EBC-8FA2-4E82-84B3-9813CEDCA9A0}.Debug|Any CPU.ActiveCfg = Debug|Any CPU
		{5BDE4EBC-8FA2-4E82-84B3-9813CEDCA9A0}.Debug|Any CPU.Build.0 = Debug|Any CPU
		{5BDE4EBC-8FA2-4E82-84B3-9813CEDCA9A0}.Release|Any CPU.ActiveCfg = Release|Any CPU
		{5BDE4EBC-8FA2-4E82-84B3-9813CEDCA9A0}.Release|Any CPU.Build.0 = Release|Any CPU
	EndGlobalSection
	GlobalSection(SolutionProperties) = preSolution
		HideSolutionNode = FALSE
	EndGlobalSection
	GlobalSection(ExtensibilityGlobals) = postSolution
		SolutionGuid = {02A6E7CF-B3AE-43F8-8B93-054F815AD842}
	EndGlobalSection
EndGlobal
